schema: '2.0'
stages:
  data_ingestion:
    cmd: python -m src.components.data_ingestion
    deps:
    - path: config
      hash: md5
      md5: 9c0e1fa98b49d1ec0f9462444279cf60.dir
      size: 1731
      nfiles: 3
    - path: src/components/data_ingestion.py
      hash: md5
      md5: 2765028da42862bb96683daca36b6c89
      size: 4580
    - path: src/components/data_ingestion.py
      hash: md5
      md5: 2765028da42862bb96683daca36b6c89
      size: 4580
    - path: src/configuration
      hash: md5
      md5: 33a3eed4810890c5342b10fd5bed3fb0.dir
      size: 7129
      nfiles: 2
    outs:
    - path: artifacts/data_ingestion/test
      hash: md5
      md5: bd2b7066a06b9d79eaaa13650db3f41e.dir
      size: 20944
      nfiles: 1
    - path: artifacts/data_ingestion/train
      hash: md5
      md5: a9bb632636000e076e1e9a2c0b9d7a2d.dir
      size: 72783
      nfiles: 1
    - path: artifacts/data_ingestion/val
      hash: md5
      md5: cf9c2dbbfdde45b904be0ec4c8ac9284.dir
      size: 10456
      nfiles: 1
  data_validation:
    cmd: python -m src.components.data_validation
    deps:
    - path: artifacts/data_ingestion/test
      hash: md5
      md5: bd2b7066a06b9d79eaaa13650db3f41e.dir
      size: 20944
      nfiles: 1
    - path: artifacts/data_ingestion/train
      hash: md5
      md5: a9bb632636000e076e1e9a2c0b9d7a2d.dir
      size: 72783
      nfiles: 1
    - path: artifacts/data_ingestion/val
      hash: md5
      md5: cf9c2dbbfdde45b904be0ec4c8ac9284.dir
      size: 10456
      nfiles: 1
    - path: config/schema.yaml
      hash: md5
      md5: 2002e7cb11eac8b034fd9af91322d83a
      size: 408
    - path: src/components/data_validation.py
      hash: md5
      md5: c8c462921eb88df8ae463fe4e445474e
      size: 3225
    - path: src/configuration
      hash: md5
      md5: 33a3eed4810890c5342b10fd5bed3fb0.dir
      size: 7129
      nfiles: 2
    outs:
    - path: artifacts/data_validation
      hash: md5
      md5: b79d86c9b33e9e51b9a0a4a346d75ff4.dir
      size: 129
      nfiles: 1
  data_transformation:
    cmd: python -m src.components.data_transformation
    deps:
    - path: artifacts/data_ingestion/test
      hash: md5
      md5: bd2b7066a06b9d79eaaa13650db3f41e.dir
      size: 20944
      nfiles: 1
    - path: artifacts/data_ingestion/train
      hash: md5
      md5: a9bb632636000e076e1e9a2c0b9d7a2d.dir
      size: 72783
      nfiles: 1
    - path: artifacts/data_ingestion/val
      hash: md5
      md5: cf9c2dbbfdde45b904be0ec4c8ac9284.dir
      size: 10456
      nfiles: 1
    - path: src/components/data_transformation.py
      hash: md5
      md5: 1e65de1e09e436914d2e7c8978c29e70
      size: 5150
    - path: src/configuration
      hash: md5
      md5: 33a3eed4810890c5342b10fd5bed3fb0.dir
      size: 7129
      nfiles: 2
    outs:
    - path: artifacts/data_transformation
      hash: md5
      md5: 59bdef72eb6d04ddeb6379777d173433.dir
      size: 344715
      nfiles: 5
  model_trainer:
    cmd: python -m src.components.model_trainer
    deps:
    - path: artifacts/data_transformation
      hash: md5
      md5: 59bdef72eb6d04ddeb6379777d173433.dir
      size: 344715
      nfiles: 5
    - path: src/components/model_trainer.py
      hash: md5
      md5: baf6da3a02f4009077017941ad466805
      size: 5493
    - path: src/configuration
      hash: md5
      md5: 33a3eed4810890c5342b10fd5bed3fb0.dir
      size: 7129
      nfiles: 2
    outs:
    - path: artifacts/model_trainer/experiment.json
      hash: md5
      md5: 014fd329d0d776f98a10cebde2ad4134
      size: 146
    - path: artifacts/model_trainer/metrics.json
      hash: md5
      md5: fd2d506231313b7550060586b5925b95
      size: 223
    - path: artifacts/model_trainer/model.pkl
      hash: md5
      md5: f8bba67ded1faacd641e5bcaf54a49a8
      size: 126520
  model_register:
    cmd: python -m src.components.model_register
    deps:
    - path: src/components/model_register.py
      hash: md5
      md5: cd7bf6d857c55dfab100b97d35d67853
      size: 2805
    - path: src/components/model_trainer.py
      hash: md5
      md5: baf6da3a02f4009077017941ad466805
      size: 5493
