schema: '2.0'
stages:
  data_ingestion:
    cmd: python -m src.components.data_ingestion
    deps:
    - path: config
      hash: md5
      md5: 9c0e1fa98b49d1ec0f9462444279cf60.dir
      size: 1731
      nfiles: 3
    - path: src/components/data_ingestion.py
      hash: md5
      md5: f8b39b9500150f20ca6cd779209fc8d0
      size: 4646
    - path: src/components/data_ingestion.py
      hash: md5
      md5: f8b39b9500150f20ca6cd779209fc8d0
      size: 4646
    - path: src/configuration
      hash: md5
      md5: 33a3eed4810890c5342b10fd5bed3fb0.dir
      size: 7129
      nfiles: 2
    outs:
    - path: artifacts/data_ingestion/test
      hash: md5
      md5: 44f555a73db69ae03326b238b75aaf99.dir
      size: 20832
      nfiles: 1
    - path: artifacts/data_ingestion/train
      hash: md5
      md5: 0b58f43ad975aee8b0aa834f6bf3ec78.dir
      size: 72837
      nfiles: 1
    - path: artifacts/data_ingestion/val
      hash: md5
      md5: 3c4c4384ea745602619243d156fcc249.dir
      size: 10514
      nfiles: 1
  data_validation:
    cmd: python -m src.components.data_validation
    deps:
    - path: artifacts/data_ingestion/test
      hash: md5
      md5: 44f555a73db69ae03326b238b75aaf99.dir
      size: 20832
      nfiles: 1
    - path: artifacts/data_ingestion/train
      hash: md5
      md5: 0b58f43ad975aee8b0aa834f6bf3ec78.dir
      size: 72837
      nfiles: 1
    - path: artifacts/data_ingestion/val
      hash: md5
      md5: 3c4c4384ea745602619243d156fcc249.dir
      size: 10514
      nfiles: 1
    - path: config/schema.yaml
      hash: md5
      md5: 2002e7cb11eac8b034fd9af91322d83a
      size: 408
    - path: src/components/data_validation.py
      hash: md5
      md5: c8c462921eb88df8ae463fe4e445474e
      size: 3225
    - path: src/configuration
      hash: md5
      md5: 33a3eed4810890c5342b10fd5bed3fb0.dir
      size: 7129
      nfiles: 2
    outs:
    - path: artifacts/data_validation
      hash: md5
      md5: 4d68e9d32f314bc13cae61ee7603de26.dir
      size: 129
      nfiles: 1
  data_transformation:
    cmd: python -m src.components.data_transformation
    deps:
    - path: artifacts/data_ingestion/test
      hash: md5
      md5: 44f555a73db69ae03326b238b75aaf99.dir
      size: 20832
      nfiles: 1
    - path: artifacts/data_ingestion/train
      hash: md5
      md5: 0b58f43ad975aee8b0aa834f6bf3ec78.dir
      size: 72837
      nfiles: 1
    - path: artifacts/data_ingestion/val
      hash: md5
      md5: 3c4c4384ea745602619243d156fcc249.dir
      size: 10514
      nfiles: 1
    - path: src/components/data_transformation.py
      hash: md5
      md5: a109198829639f77e0c9c8075cc9215e
      size: 5218
    - path: src/configuration
      hash: md5
      md5: 33a3eed4810890c5342b10fd5bed3fb0.dir
      size: 7129
      nfiles: 2
    outs:
    - path: artifacts/data_transformation
      hash: md5
      md5: 5c212174ea48baf42fc0aa973301dc8d.dir
      size: 341441
      nfiles: 5
  model_trainer:
    cmd: python -m src.components.model_trainer
    deps:
    - path: artifacts/data_transformation
      hash: md5
      md5: 5c212174ea48baf42fc0aa973301dc8d.dir
      size: 341441
      nfiles: 5
    - path: src/components/model_trainer.py
      hash: md5
      md5: 9826f36be87c2832bb760fe0fb5dba8d
      size: 5563
    - path: src/configuration
      hash: md5
      md5: 33a3eed4810890c5342b10fd5bed3fb0.dir
      size: 7129
      nfiles: 2
    outs:
    - path: artifacts/model_trainer/experiment.json
      hash: md5
      md5: 193cbe291e04728ae841f8b74fe133ad
      size: 146
    - path: artifacts/model_trainer/metrics.json
      hash: md5
      md5: 853fcf7b6e5c751552c7b98e4a782ad3
      size: 222
    - path: artifacts/model_trainer/model.pkl
      hash: md5
      md5: 5099259f6e8ea7292aeae95ddacd7271
      size: 59339
  model_register:
    cmd: python -m src.components.model_register
    deps:
    - path: src/components/model_register.py
      hash: md5
      md5: 913e1cdb7ea9fc176750c8df3115b170
      size: 2875
    - path: src/components/model_trainer.py
      hash: md5
      md5: 9826f36be87c2832bb760fe0fb5dba8d
      size: 5563
